
Microsoft Visual Studio Solution File, Format Version 12.00
# Visual Studio Version 16
VisualStudioVersion = 16.0.31624.102
MinimumVisualStudioVersion = 10.0.40219.1
Project("{9A19103F-16F7-4668-BE54-9A1E7A4F7556}") = "ProjetoPista.WebApp", "ProjetoPista.WebApp\ProjetoPista.WebApp.csproj", "{20E79EA6-36C4-41C3-8871-AD4BC874ACFD}"
EndProject
Project("{9A19103F-16F7-4668-BE54-9A1E7A4F7556}") = "ProjetoPista.Data", "ProjetoPista.Data\ProjetoPista.Data.csproj", "{1DF3CE11-6754-48E2-AF18-19C9F536B886}"
	ProjectSection(ProjectDependencies) = postProject
		{B23F4476-D287-4837-98B1-836810402074} = {B23F4476-D287-4837-98B1-836810402074}
	EndProjectSection
EndProject
Project("{9A19103F-16F7-4668-BE54-9A1E7A4F7556}") = "ProjetoPista.Business", "ProjetoPista.Business\ProjetoPista.Business.csproj", "{C10458A7-00C5-4CA8-813A-3D80D800281E}"
	ProjectSection(ProjectDependencies) = postProject
		{B23F4476-D287-4837-98B1-836810402074} = {B23F4476-D287-4837-98B1-836810402074}
	EndProjectSection
EndProject
Project("{9A19103F-16F7-4668-BE54-9A1E7A4F7556}") = "ProjetoPista.Model", "ProjetoPista.Model\ProjetoPista.Model.csproj", "{B23F4476-D287-4837-98B1-836810402074}"
EndProject
Global
	GlobalSection(SolutionConfigurationPlatforms) = preSolution
		Debug|Any CPU = Debug|Any CPU
		Release|Any CPU = Release|Any CPU
	EndGlobalSection
	GlobalSection(ProjectConfigurationPlatforms) = postSolution
		{20E79EA6-36C4-41C3-8871-AD4BC874ACFD}.Debug|Any CPU.ActiveCfg = Debug|Any CPU
		{20E79EA6-36C4-41C3-8871-AD4BC874ACFD}.Debug|Any CPU.Build.0 = Debug|Any CPU
		{20E79EA6-36C4-41C3-8871-AD4BC874ACFD}.Release|Any CPU.ActiveCfg = Release|Any CPU
		{20E79EA6-36C4-41C3-8871-AD4BC874ACFD}.Release|Any CPU.Build.0 = Release|Any CPU
		{1DF3CE11-6754-48E2-AF18-19C9F536B886}.Debug|Any CPU.ActiveCfg = Debug|Any CPU
		{1DF3CE11-6754-48E2-AF18-19C9F536B886}.Debug|Any CPU.Build.0 = Debug|Any CPU
		{1DF3CE11-6754-48E2-AF18-19C9F536B886}.Release|Any CPU.ActiveCfg = Release|Any CPU
		{1DF3CE11-6754-48E2-AF18-19C9F536B886}.Release|Any CPU.Build.0 = Release|Any CPU
		{C10458A7-00C5-4CA8-813A-3D80D800281E}.Debug|Any CPU.ActiveCfg = Debug|Any CPU
		{C10458A7-00C5-4CA8-813A-3D80D800281E}.Debug|Any CPU.Build.0 = Debug|Any CPU
		{C10458A7-00C5-4CA8-813A-3D80D800281E}.Release|Any CPU.ActiveCfg = Release|Any CPU
		{C10458A7-00C5-4CA8-813A-3D80D800281E}.Release|Any CPU.Build.0 = Release|Any CPU
		{B23F4476-D287-4837-98B1-836810402074}.Debug|Any CPU.ActiveCfg = Debug|Any CPU
		{B23F4476-D287-4837-98B1-836810402074}.Debug|Any CPU.Build.0 = Debug|Any CPU
		{B23F4476-D287-4837-98B1-836810402074}.Release|Any CPU.ActiveCfg = Release|Any CPU
		{B23F4476-D287-4837-98B1-836810402074}.Release|Any CPU.Build.0 = Release|Any CPU
	EndGlobalSection
	GlobalSection(SolutionProperties) = preSolution
		HideSolutionNode = FALSE
	EndGlobalSection
	GlobalSection(ExtensibilityGlobals) = postSolution
		SolutionGuid = {E3544180-7745-4A7C-82CF-29CCC03ECDD1}
	EndGlobalSection
EndGlobal
